
Microsoft Visual Studio Solution File, Format Version 12.00
# Visual Studio 15
VisualStudioVersion = 15.0.28010.2003
MinimumVisualStudioVersion = 10.0.40219.1
Project("{FAE04EC0-301F-11D3-BF4B-00C04F79EFBC}") = "Excel", "Excel.csproj", "{CACCE9B1-180C-4DEB-8BCA-B0F295F31D5A}"
EndProject
Global
	GlobalSection(SolutionConfigurationPlatforms) = preSolution
		Debug|Any CPU = Debug|Any CPU
		Release|Any CPU = Release|Any CPU
	EndGlobalSection
	GlobalSection(ProjectConfigurationPlatforms) = postSolution
		{CACCE9B1-180C-4DEB-8BCA-B0F295F31D5A}.Debug|Any CPU.ActiveCfg = Debug|Any CPU
		{CACCE9B1-180C-4DEB-8BCA-B0F295F31D5A}.Debug|Any CPU.Build.0 = Debug|Any CPU
		{CACCE9B1-180C-4DEB-8BCA-B0F295F31D5A}.Release|Any CPU.ActiveCfg = Release|Any CPU
		{CACCE9B1-180C-4DEB-8BCA-B0F295F31D5A}.Release|Any CPU.Build.0 = Release|Any CPU
	EndGlobalSection
	GlobalSection(SolutionProperties) = preSolution
		HideSolutionNode = FALSE
	EndGlobalSection
	GlobalSection(ExtensibilityGlobals) = postSolution
		SolutionGuid = {86DC2A15-B98D-49CB-9D20-DBEE2227D08B}
	EndGlobalSection
EndGlobal
